// !$*UTF8*$!
{
	archiveVersion = 1;
	classes = {
	};
	objectVersion = 46;
	objects = {

/* Begin PBXBuildFile section */
		EEF4EFF81C81912200E7CE89 /* AppDelegate.swift in Sources */ = {isa = PBXBuildFile; fileRef = EEF4EFF71C81912200E7CE89 /* AppDelegate.swift */; };
		EEF4EFFA1C81912200E7CE89 /* ViewController.swift in Sources */ = {isa = PBXBuildFile; fileRef = EEF4EFF91C81912200E7CE89 /* ViewController.swift */; };
		EEF4EFFD1C81912200E7CE89 /* Main.storyboard in Resources */ = {isa = PBXBuildFile; fileRef = EEF4EFFB1C81912200E7CE89 /* Main.storyboard */; };
		EEF4EFFF1C81912200E7CE89 /* Assets.xcassets in Resources */ = {isa = PBXBuildFile; fileRef = EEF4EFFE1C81912200E7CE89 /* Assets.xcassets */; };
		EEF4F0021C81912200E7CE89 /* LaunchScreen.storyboard in Resources */ = {isa = PBXBuildFile; fileRef = EEF4F0001C81912200E7CE89 /* LaunchScreen.storyboard */; };
		EEF4F00D1C81912200E7CE89 /* Udemy_Swift_88_Swipe_ShakesTests.swift in Sources */ = {isa = PBXBuildFile; fileRef = EEF4F00C1C81912200E7CE89 /* Udemy_Swift_88_Swipe_ShakesTests.swift */; };
		EEF4F0181C81912200E7CE89 /* Udemy_Swift_88_Swipe_ShakesUITests.swift in Sources */ = {isa = PBXBuildFile; fileRef = EEF4F0171C81912200E7CE89 /* Udemy_Swift_88_Swipe_ShakesUITests.swift */; };
/* End PBXBuildFile section */

/* Begin PBXContainerItemProxy section */
		EEF4F0091C81912200E7CE89 /* PBXContainerItemProxy */ = {
			isa = PBXContainerItemProxy;
			containerPortal = EEF4EFEC1C81912200E7CE89 /* Project object */;
			proxyType = 1;
			remoteGlobalIDString = EEF4EFF31C81912200E7CE89;
			remoteInfo = "Udemy-Swift-88-Swipe-Shakes";
		};
		EEF4F0141C81912200E7CE89 /* PBXContainerItemProxy */ = {
			isa = PBXContainerItemProxy;
			containerPortal = EEF4EFEC1C81912200E7CE89 /* Project object */;
			proxyType = 1;
			remoteGlobalIDString = EEF4EFF31C81912200E7CE89;
			remoteInfo = "Udemy-Swift-88-Swipe-Shakes";
		};
/* End PBXContainerItemProxy section */

/* Begin PBXFileReference section */
		EEF4EFF41C81912200E7CE89 /* Udemy-Swift-88-Swipe-Shakes.app */ = {isa = PBXFileReference; explicitFileType = wrapper.application; includeInIndex = 0; path = "Udemy-Swift-88-Swipe-Shakes.app"; sourceTree = BUILT_PRODUCTS_DIR; };
		EEF4EFF71C81912200E7CE89 /* AppDelegate.swift */ = {isa = PBXFileReference; lastKnownFileType = sourcecode.swift; path = AppDelegate.swift; sourceTree = "<group>"; };
		EEF4EFF91C81912200E7CE89 /* ViewController.swift */ = {isa = PBXFileReference; lastKnownFileType = sourcecode.swift; path = ViewController.swift; sourceTree = "<group>"; };
		EEF4EFFC1C81912200E7CE89 /* Base */ = {isa = PBXFileReference; lastKnownFileType = file.storyboard; name = Base; path = Base.lproj/Main.storyboard; sourceTree = "<group>"; };
		EEF4EFFE1C81912200E7CE89 /* Assets.xcassets */ = {isa = PBXFileReference; lastKnownFileType = folder.assetcatalog; path = Assets.xcassets; sourceTree = "<group>"; };
		EEF4F0011C81912200E7CE89 /* Base */ = {isa = PBXFileReference; lastKnownFileType = file.storyboard; name = Base; path = Base.lproj/LaunchScreen.storyboard; sourceTree = "<group>"; };
		EEF4F0031C81912200E7CE89 /* Info.plist */ = {isa = PBXFileReference; lastKnownFileType = text.plist.xml; path = Info.plist; sourceTree = "<group>"; };
		EEF4F0081C81912200E7CE89 /* Udemy-Swift-88-Swipe-ShakesTests.xctest */ = {isa = PBXFileReference; explicitFileType = wrapper.cfbundle; includeInIndex = 0; path = "Udemy-Swift-88-Swipe-ShakesTests.xctest"; sourceTree = BUILT_PRODUCTS_DIR; };
		EEF4F00C1C81912200E7CE89 /* Udemy_Swift_88_Swipe_ShakesTests.swift */ = {isa = PBXFileReference; lastKnownFileType = sourcecode.swift; path = Udemy_Swift_88_Swipe_ShakesTests.swift; sourceTree = "<group>"; };
		EEF4F00E1C81912200E7CE89 /* Info.plist */ = {isa = PBXFileReference; lastKnownFileType = text.plist.xml; path = Info.plist; sourceTree = "<group>"; };
		EEF4F0131C81912200E7CE89 /* Udemy-Swift-88-Swipe-ShakesUITests.xctest */ = {isa = PBXFileReference; explicitFileType = wrapper.cfbundle; includeInIndex = 0; path = "Udemy-Swift-88-Swipe-ShakesUITests.xctest"; sourceTree = BUILT_PRODUCTS_DIR; };
		EEF4F0171C81912200E7CE89 /* Udemy_Swift_88_Swipe_ShakesUITests.swift */ = {isa = PBXFileReference; lastKnownFileType = sourcecode.swift; path = Udemy_Swift_88_Swipe_ShakesUITests.swift; sourceTree = "<group>"; };
		EEF4F0191C81912200E7CE89 /* Info.plist */ = {isa = PBXFileReference; lastKnownFileType = text.plist.xml; path = Info.plist; sourceTree = "<group>"; };
/* End PBXFileReference section */

/* Begin PBXFrameworksBuildPhase section */
		EEF4EFF11C81912200E7CE89 /* Frameworks */ = {
			isa = PBXFrameworksBuildPhase;
			buildActionMask = 2147483647;
			files = (
			);
			runOnlyForDeploymentPostprocessing = 0;
		};
		EEF4F0051C81912200E7CE89 /* Frameworks */ = {
			isa = PBXFrameworksBuildPhase;
			buildActionMask = 2147483647;
			files = (
			);
			runOnlyForDeploymentPostprocessing = 0;
		};
		EEF4F0101C81912200E7CE89 /* Frameworks */ = {
			isa = PBXFrameworksBuildPhase;
			buildActionMask = 2147483647;
			files = (
			);
			runOnlyForDeploymentPostprocessing = 0;
		};
/* End PBXFrameworksBuildPhase section */

/* Begin PBXGroup section */
		EEF4EFEB1C81912200E7CE89 = {
			isa = PBXGroup;
			children = (
				EEF4EFF61C81912200E7CE89 /* Udemy-Swift-88-Swipe-Shakes */,
				EEF4F00B1C81912200E7CE89 /* Udemy-Swift-88-Swipe-ShakesTests */,
				EEF4F0161C81912200E7CE89 /* Udemy-Swift-88-Swipe-ShakesUITests */,
				EEF4EFF51C81912200E7CE89 /* Products */,
			);
			sourceTree = "<group>";
		};
		EEF4EFF51C81912200E7CE89 /* Products */ = {
			isa = PBXGroup;
			children = (
				EEF4EFF41C81912200E7CE89 /* Udemy-Swift-88-Swipe-Shakes.app */,
				EEF4F0081C81912200E7CE89 /* Udemy-Swift-88-Swipe-ShakesTests.xctest */,
				EEF4F0131C81912200E7CE89 /* Udemy-Swift-88-Swipe-ShakesUITests.xctest */,
			);
			name = Products;
			sourceTree = "<group>";
		};
		EEF4EFF61C81912200E7CE89 /* Udemy-Swift-88-Swipe-Shakes */ = {
			isa = PBXGroup;
			children = (
				EEF4EFF71C81912200E7CE89 /* AppDelegate.swift */,
				EEF4EFF91C81912200E7CE89 /* ViewController.swift */,
				EEF4EFFB1C81912200E7CE89 /* Main.storyboard */,
				EEF4EFFE1C81912200E7CE89 /* Assets.xcassets */,
				EEF4F0001C81912200E7CE89 /* LaunchScreen.storyboard */,
				EEF4F0031C81912200E7CE89 /* Info.plist */,
			);
			path = "Udemy-Swift-88-Swipe-Shakes";
			sourceTree = "<group>";
		};
		EEF4F00B1C81912200E7CE89 /* Udemy-Swift-88-Swipe-ShakesTests */ = {
			isa = PBXGroup;
			children = (
				EEF4F00C1C81912200E7CE89 /* Udemy_Swift_88_Swipe_ShakesTests.swift */,
				EEF4F00E1C81912200E7CE89 /* Info.plist */,
			);
			path = "Udemy-Swift-88-Swipe-ShakesTests";
			sourceTree = "<group>";
		};
		EEF4F0161C81912200E7CE89 /* Udemy-Swift-88-Swipe-ShakesUITests */ = {
			isa = PBXGroup;
			children = (
				EEF4F0171C81912200E7CE89 /* Udemy_Swift_88_Swipe_ShakesUITests.swift */,
				EEF4F0191C81912200E7CE89 /* Info.plist */,
			);
			path = "Udemy-Swift-88-Swipe-ShakesUITests";
			sourceTree = "<group>";
		};
/* End PBXGroup section */

/* Begin PBXNativeTarget section */
		EEF4EFF31C81912200E7CE89 /* Udemy-Swift-88-Swipe-Shakes */ = {
			isa = PBXNativeTarget;
			buildConfigurationList = EEF4F01C1C81912200E7CE89 /* Build configuration list for PBXNativeTarget "Udemy-Swift-88-Swipe-Shakes" */;
			buildPhases = (
				EEF4EFF01C81912200E7CE89 /* Sources */,
				EEF4EFF11C81912200E7CE89 /* Frameworks */,
				EEF4EFF21C81912200E7CE89 /* Resources */,
			);
			buildRules = (
			);
			dependencies = (
			);
			name = "Udemy-Swift-88-Swipe-Shakes";
			productName = "Udemy-Swift-88-Swipe-Shakes";
			productReference = EEF4EFF41C81912200E7CE89 /* Udemy-Swift-88-Swipe-Shakes.app */;
			productType = "com.apple.product-type.application";
		};
		EEF4F0071C81912200E7CE89 /* Udemy-Swift-88-Swipe-ShakesTests */ = {
			isa = PBXNativeTarget;
			buildConfigurationList = EEF4F01F1C81912200E7CE89 /* Build configuration list for PBXNativeTarget "Udemy-Swift-88-Swipe-ShakesTests" */;
			buildPhases = (
				EEF4F0041C81912200E7CE89 /* Sources */,
				EEF4F0051C81912200E7CE89 /* Frameworks */,
				EEF4F0061C81912200E7CE89 /* Resources */,
			);
			buildRules = (
			);
			dependencies = (
				EEF4F00A1C81912200E7CE89 /* PBXTargetDependency */,
			);
			name = "Udemy-Swift-88-Swipe-ShakesTests";
			productName = "Udemy-Swift-88-Swipe-ShakesTests";
			productReference = EEF4F0081C81912200E7CE89 /* Udemy-Swift-88-Swipe-ShakesTests.xctest */;
			productType = "com.apple.product-type.bundle.unit-test";
		};
		EEF4F0121C81912200E7CE89 /* Udemy-Swift-88-Swipe-ShakesUITests */ = {
			isa = PBXNativeTarget;
			buildConfigurationList = EEF4F0221C81912200E7CE89 /* Build configuration list for PBXNativeTarget "Udemy-Swift-88-Swipe-ShakesUITests" */;
			buildPhases = (
				EEF4F00F1C81912200E7CE89 /* Sources */,
				EEF4F0101C81912200E7CE89 /* Frameworks */,
				EEF4F0111C81912200E7CE89 /* Resources */,
			);
			buildRules = (
			);
			dependencies = (
				EEF4F0151C81912200E7CE89 /* PBXTargetDependency */,
			);
			name = "Udemy-Swift-88-Swipe-ShakesUITests";
			productName = "Udemy-Swift-88-Swipe-ShakesUITests";
			productReference = EEF4F0131C81912200E7CE89 /* Udemy-Swift-88-Swipe-ShakesUITests.xctest */;
			productType = "com.apple.product-type.bundle.ui-testing";
		};
/* End PBXNativeTarget section */

/* Begin PBXProject section */
		EEF4EFEC1C81912200E7CE89 /* Project object */ = {
			isa = PBXProject;
			attributes = {
				LastSwiftUpdateCheck = 0720;
				LastUpgradeCheck = 0720;
				ORGANIZATIONNAME = "Lam Quoc";
				TargetAttributes = {
					EEF4EFF31C81912200E7CE89 = {
						CreatedOnToolsVersion = 7.2.1;
					};
					EEF4F0071C81912200E7CE89 = {
						CreatedOnToolsVersion = 7.2.1;
						TestTargetID = EEF4EFF31C81912200E7CE89;
					};
					EEF4F0121C81912200E7CE89 = {
						CreatedOnToolsVersion = 7.2.1;
						TestTargetID = EEF4EFF31C81912200E7CE89;
					};
				};
			};
			buildConfigurationList = EEF4EFEF1C81912200E7CE89 /* Build configuration list for PBXProject "Udemy-Swift-88-Swipe-Shakes" */;
			compatibilityVersion = "Xcode 3.2";
			developmentRegion = English;
			hasScannedForEncodings = 0;
			knownRegions = (
				en,
				Base,
			);
			mainGroup = EEF4EFEB1C81912200E7CE89;
			productRefGroup = EEF4EFF51C81912200E7CE89 /* Products */;
			projectDirPath = "";
			projectRoot = "";
			targets = (
				EEF4EFF31C81912200E7CE89 /* Udemy-Swift-88-Swipe-Shakes */,
				EEF4F0071C81912200E7CE89 /* Udemy-Swift-88-Swipe-ShakesTests */,
				EEF4F0121C81912200E7CE89 /* Udemy-Swift-88-Swipe-ShakesUITests */,
			);
		};
/* End PBXProject section */

/* Begin PBXResourcesBuildPhase section */
		EEF4EFF21C81912200E7CE89 /* Resources */ = {
			isa = PBXResourcesBuildPhase;
			buildActionMask = 2147483647;
			files = (
				EEF4F0021C81912200E7CE89 /* LaunchScreen.storyboard in Resources */,
				EEF4EFFF1C81912200E7CE89 /* Assets.xcassets in Resources */,
				EEF4EFFD1C81912200E7CE89 /* Main.storyboard in Resources */,
			);
			runOnlyForDeploymentPostprocessing = 0;
		};
		EEF4F0061C81912200E7CE89 /* Resources */ = {
			isa = PBXResourcesBuildPhase;
			buildActionMask = 2147483647;
			files = (
			);
			runOnlyForDeploymentPostprocessing = 0;
		};
		EEF4F0111C81912200E7CE89 /* Resources */ = {
			isa = PBXResourcesBuildPhase;
			buildActionMask = 2147483647;
			files = (
			);
			runOnlyForDeploymentPostprocessing = 0;
		};
/* End PBXResourcesBuildPhase section */

/* Begin PBXSourcesBuildPhase section */
		EEF4EFF01C81912200E7CE89 /* Sources */ = {
			isa = PBXSourcesBuildPhase;
			buildActionMask = 2147483647;
			files = (
				EEF4EFFA1C81912200E7CE89 /* ViewController.swift in Sources */,
				EEF4EFF81C81912200E7CE89 /* AppDelegate.swift in Sources */,
			);
			runOnlyForDeploymentPostprocessing = 0;
		};
		EEF4F0041C81912200E7CE89 /* Sources */ = {
			isa = PBXSourcesBuildPhase;
			buildActionMask = 2147483647;
			files = (
				EEF4F00D1C81912200E7CE89 /* Udemy_Swift_88_Swipe_ShakesTests.swift in Sources */,
			);
			runOnlyForDeploymentPostprocessing = 0;
		};
		EEF4F00F1C81912200E7CE89 /* Sources */ = {
			isa = PBXSourcesBuildPhase;
			buildActionMask = 2147483647;
			files = (
				EEF4F0181C81912200E7CE89 /* Udemy_Swift_88_Swipe_ShakesUITests.swift in Sources */,
			);
			runOnlyForDeploymentPostprocessing = 0;
		};
/* End PBXSourcesBuildPhase section */

/* Begin PBXTargetDependency section */
		EEF4F00A1C81912200E7CE89 /* PBXTargetDependency */ = {
			isa = PBXTargetDependency;
			target = EEF4EFF31C81912200E7CE89 /* Udemy-Swift-88-Swipe-Shakes */;
			targetProxy = EEF4F0091C81912200E7CE89 /* PBXContainerItemProxy */;
		};
		EEF4F0151C81912200E7CE89 /* PBXTargetDependency */ = {
			isa = PBXTargetDependency;
			target = EEF4EFF31C81912200E7CE89 /* Udemy-Swift-88-Swipe-Shakes */;
			targetProxy = EEF4F0141C81912200E7CE89 /* PBXContainerItemProxy */;
		};
/* End PBXTargetDependency section */

/* Begin PBXVariantGroup section */
		EEF4EFFB1C81912200E7CE89 /* Main.storyboard */ = {
			isa = PBXVariantGroup;
			children = (
				EEF4EFFC1C81912200E7CE89 /* Base */,
			);
			name = Main.storyboard;
			sourceTree = "<group>";
		};
		EEF4F0001C81912200E7CE89 /* LaunchScreen.storyboard */ = {
			isa = PBXVariantGroup;
			children = (
				EEF4F0011C81912200E7CE89 /* Base */,
			);
			name = LaunchScreen.storyboard;
			sourceTree = "<group>";
		};
/* End PBXVariantGroup section */

/* Begin XCBuildConfiguration section */
		EEF4F01A1C81912200E7CE89 /* Debug */ = {
			isa = XCBuildConfiguration;
			buildSettings = {
				ALWAYS_SEARCH_USER_PATHS = NO;
				CLANG_CXX_LANGUAGE_STANDARD = "gnu++0x";
				CLANG_CXX_LIBRARY = "libc++";
				CLANG_ENABLE_MODULES = YES;
				CLANG_ENABLE_OBJC_ARC = YES;
				CLANG_WARN_BOOL_CONVERSION = YES;
				CLANG_WARN_CONSTANT_CONVERSION = YES;
				CLANG_WARN_DIRECT_OBJC_ISA_USAGE = YES_ERROR;
				CLANG_WARN_EMPTY_BODY = YES;
				CLANG_WARN_ENUM_CONVERSION = YES;
				CLANG_WARN_INT_CONVERSION = YES;
				CLANG_WARN_OBJC_ROOT_CLASS = YES_ERROR;
				CLANG_WARN_UNREACHABLE_CODE = YES;
				CLANG_WARN__DUPLICATE_METHOD_MATCH = YES;
				"CODE_SIGN_IDENTITY[sdk=iphoneos*]" = "iPhone Developer";
				COPY_PHASE_STRIP = NO;
				DEBUG_INFORMATION_FORMAT = dwarf;
				ENABLE_STRICT_OBJC_MSGSEND = YES;
				ENABLE_TESTABILITY = YES;
				GCC_C_LANGUAGE_STANDARD = gnu99;
				GCC_DYNAMIC_NO_PIC = NO;
				GCC_NO_COMMON_BLOCKS = YES;
				GCC_OPTIMIZATION_LEVEL = 0;
				GCC_PREPROCESSOR_DEFINITIONS = (
					"DEBUG=1",
					"$(inherited)",
				);
				GCC_WARN_64_TO_32_BIT_CONVERSION = YES;
				GCC_WARN_ABOUT_RETURN_TYPE = YES_ERROR;
				GCC_WARN_UNDECLARED_SELECTOR = YES;
				GCC_WARN_UNINITIALIZED_AUTOS = YES_AGGRESSIVE;
				GCC_WARN_UNUSED_FUNCTION = YES;
				GCC_WARN_UNUSED_VARIABLE = YES;
				IPHONEOS_DEPLOYMENT_TARGET = 9.2;
				MTL_ENABLE_DEBUG_INFO = YES;
				ONLY_ACTIVE_ARCH = YES;
				SDKROOT = iphoneos;
				SWIFT_OPTIMIZATION_LEVEL = "-Onone";
				TARGETED_DEVICE_FAMILY = "1,2";
			};
			name = Debug;
		};
		EEF4F01B1C81912200E7CE89 /* Release */ = {
			isa = XCBuildConfiguration;
			buildSettings = {
				ALWAYS_SEARCH_USER_PATHS = NO;
				CLANG_CXX_LANGUAGE_STANDARD = "gnu++0x";
				CLANG_CXX_LIBRARY = "libc++";
				CLANG_ENABLE_MODULES = YES;
				CLANG_ENABLE_OBJC_ARC = YES;
				CLANG_WARN_BOOL_CONVERSION = YES;
				CLANG_WARN_CONSTANT_CONVERSION = YES;
				CLANG_WARN_DIRECT_OBJC_ISA_USAGE = YES_ERROR;
				CLANG_WARN_EMPTY_BODY = YES;
				CLANG_WARN_ENUM_CONVERSION = YES;
				CLANG_WARN_INT_CONVERSION = YES;
				CLANG_WARN_OBJC_ROOT_CLASS = YES_ERROR;
				CLANG_WARN_UNREACHABLE_CODE = YES;
				CLANG_WARN__DUPLICATE_METHOD_MATCH = YES;
				"CODE_SIGN_IDENTITY[sdk=iphoneos*]" = "iPhone Developer";
				COPY_PHASE_STRIP = NO;
				DEBUG_INFORMATION_FORMAT = "dwarf-with-dsym";
				ENABLE_NS_ASSERTIONS = NO;
				ENABLE_STRICT_OBJC_MSGSEND = YES;
				GCC_C_LANGUAGE_STANDARD = gnu99;
				GCC_NO_COMMON_BLOCKS = YES;
				GCC_WARN_64_TO_32_BIT_CONVERSION = YES;
				GCC_WARN_ABOUT_RETURN_TYPE = YES_ERROR;
				GCC_WARN_UNDECLARED_SELECTOR = YES;
				GCC_WARN_UNINITIALIZED_AUTOS = YES_AGGRESSIVE;
				GCC_WARN_UNUSED_FUNCTION = YES;
				GCC_WARN_UNUSED_VARIABLE = YES;
				IPHONEOS_DEPLOYMENT_TARGET = 9.2;
				MTL_ENABLE_DEBUG_INFO = NO;
				SDKROOT = iphoneos;
				TARGETED_DEVICE_FAMILY = "1,2";
				VALIDATE_PRODUCT = YES;
			};
			name = Release;
		};
		EEF4F01D1C81912200E7CE89 /* Debug */ = {
			isa = XCBuildConfiguration;
			buildSettings = {
				ASSETCATALOG_COMPILER_APPICON_NAME = AppIcon;
				INFOPLIST_FILE = "Udemy-Swift-88-Swipe-Shakes/Info.plist";
				LD_RUNPATH_SEARCH_PATHS = "$(inherited) @executable_path/Frameworks";
				PRODUCT_BUNDLE_IDENTIFIER = "Home.Udemy-Swift-88-Swipe-Shakes";
				PRODUCT_NAME = "$(TARGET_NAME)";
			};
			name = Debug;
		};
		EEF4F01E1C81912200E7CE89 /* Release */ = {
			isa = XCBuildConfiguration;
			buildSettings = {
				ASSETCATALOG_COMPILER_APPICON_NAME = AppIcon;
				INFOPLIST_FILE = "Udemy-Swift-88-Swipe-Shakes/Info.plist";
				LD_RUNPATH_SEARCH_PATHS = "$(inherited) @executable_path/Frameworks";
				PRODUCT_BUNDLE_IDENTIFIER = "Home.Udemy-Swift-88-Swipe-Shakes";
				PRODUCT_NAME = "$(TARGET_NAME)";
			};
			name = Release;
		};
		EEF4F0201C81912200E7CE89 /* Debug */ = {
			isa = XCBuildConfiguration;
			buildSettings = {
				BUNDLE_LOADER = "$(TEST_HOST)";
				INFOPLIST_FILE = "Udemy-Swift-88-Swipe-ShakesTests/Info.plist";
				LD_RUNPATH_SEARCH_PATHS = "$(inherited) @executable_path/Frameworks @loader_path/Frameworks";
				PRODUCT_BUNDLE_IDENTIFIER = "Home.Udemy-Swift-88-Swipe-ShakesTests";
				PRODUCT_NAME = "$(TARGET_NAME)";
				TEST_HOST = "$(BUILT_PRODUCTS_DIR)/Udemy-Swift-88-Swipe-Shakes.app/Udemy-Swift-88-Swipe-Shakes";
			};
			name = Debug;
		};
		EEF4F0211C81912200E7CE89 /* Release */ = {
			isa = XCBuildConfiguration;
			buildSettings = {
				BUNDLE_LOADER = "$(TEST_HOST)";
				INFOPLIST_FILE = "Udemy-Swift-88-Swipe-ShakesTests/Info.plist";
				LD_RUNPATH_SEARCH_PATHS = "$(inherited) @executable_path/Frameworks @loader_path/Frameworks";
				PRODUCT_BUNDLE_IDENTIFIER = "Home.Udemy-Swift-88-Swipe-ShakesTests";
				PRODUCT_NAME = "$(TARGET_NAME)";
				TEST_HOST = "$(BUILT_PRODUCTS_DIR)/Udemy-Swift-88-Swipe-Shakes.app/Udemy-Swift-88-Swipe-Shakes";
			};
			name = Release;
		};
		EEF4F0231C81912200E7CE89 /* Debug */ = {
			isa = XCBuildConfiguration;
			buildSettings = {
				INFOPLIST_FILE = "Udemy-Swift-88-Swipe-ShakesUITests/Info.plist";
				LD_RUNPATH_SEARCH_PATHS = "$(inherited) @executable_path/Frameworks @loader_path/Frameworks";
				PRODUCT_BUNDLE_IDENTIFIER = "Home.Udemy-Swift-88-Swipe-ShakesUITests";
				PRODUCT_NAME = "$(TARGET_NAME)";
				TEST_TARGET_NAME = "Udemy-Swift-88-Swipe-Shakes";
				USES_XCTRUNNER = YES;
			};
			name = Debug;
		};
		EEF4F0241C81912200E7CE89 /* Release */ = {
			isa = XCBuildConfiguration;
			buildSettings = {
				INFOPLIST_FILE = "Udemy-Swift-88-Swipe-ShakesUITests/Info.plist";
				LD_RUNPATH_SEARCH_PATHS = "$(inherited) @executable_path/Frameworks @loader_path/Frameworks";
				PRODUCT_BUNDLE_IDENTIFIER = "Home.Udemy-Swift-88-Swipe-ShakesUITests";
				PRODUCT_NAME = "$(TARGET_NAME)";
				TEST_TARGET_NAME = "Udemy-Swift-88-Swipe-Shakes";
				USES_XCTRUNNER = YES;
			};
			name = Release;
		};
/* End XCBuildConfiguration section */

/* Begin XCConfigurationList section */
		EEF4EFEF1C81912200E7CE89 /* Build configuration list for PBXProject "Udemy-Swift-88-Swipe-Shakes" */ = {
			isa = XCConfigurationList;
			buildConfigurations = (
				EEF4F01A1C81912200E7CE89 /* Debug */,
				EEF4F01B1C81912200E7CE89 /* Release */,
			);
			defaultConfigurationIsVisible = 0;
			defaultConfigurationName = Release;
		};
		EEF4F01C1C81912200E7CE89 /* Build configuration list for PBXNativeTarget "Udemy-Swift-88-Swipe-Shakes" */ = {
			isa = XCConfigurationList;
			buildConfigurations = (
				EEF4F01D1C81912200E7CE89 /* Debug */,
				EEF4F01E1C81912200E7CE89 /* Release */,
			);
			defaultConfigurationIsVisible = 0;
		};
		EEF4F01F1C81912200E7CE89 /* Build configuration list for PBXNativeTarget "Udemy-Swift-88-Swipe-ShakesTests" */ = {
			isa = XCConfigurationList;
			buildConfigurations = (
				EEF4F0201C81912200E7CE89 /* Debug */,
				EEF4F0211C81912200E7CE89 /* Release */,
			);
			defaultConfigurationIsVisible = 0;
		};
		EEF4F0221C81912200E7CE89 /* Build configuration list for PBXNativeTarget "Udemy-Swift-88-Swipe-ShakesUITests" */ = {
			isa = XCConfigurationList;
			buildConfigurations = (
				EEF4F0231C81912200E7CE89 /* Debug */,
				EEF4F0241C81912200E7CE89 /* Release */,
			);
			defaultConfigurationIsVisible = 0;
		};
/* End XCConfigurationList section */
	};
	rootObject = EEF4EFEC1C81912200E7CE89 /* Project object */;
}
