// !$*UTF8*$!
{
	archiveVersion = 1;
	classes = {
	};
	objectVersion = 46;
	objects = {

/* Begin PBXBuildFile section */
		EEA40D801C89338600150669 /* AppDelegate.swift in Sources */ = {isa = PBXBuildFile; fileRef = EEA40D7F1C89338600150669 /* AppDelegate.swift */; };
		EEA40D821C89338600150669 /* ViewController.swift in Sources */ = {isa = PBXBuildFile; fileRef = EEA40D811C89338600150669 /* ViewController.swift */; };
		EEA40D851C89338600150669 /* Main.storyboard in Resources */ = {isa = PBXBuildFile; fileRef = EEA40D831C89338600150669 /* Main.storyboard */; };
		EEA40D871C89338600150669 /* Assets.xcassets in Resources */ = {isa = PBXBuildFile; fileRef = EEA40D861C89338600150669 /* Assets.xcassets */; };
		EEA40D8A1C89338600150669 /* LaunchScreen.storyboard in Resources */ = {isa = PBXBuildFile; fileRef = EEA40D881C89338600150669 /* LaunchScreen.storyboard */; };
		EEA40D951C89338600150669 /* demo_DownAppInAppStoreTests.swift in Sources */ = {isa = PBXBuildFile; fileRef = EEA40D941C89338600150669 /* demo_DownAppInAppStoreTests.swift */; };
		EEA40DA01C89338600150669 /* demo_DownAppInAppStoreUITests.swift in Sources */ = {isa = PBXBuildFile; fileRef = EEA40D9F1C89338600150669 /* demo_DownAppInAppStoreUITests.swift */; };
/* End PBXBuildFile section */

/* Begin PBXContainerItemProxy section */
		EEA40D911C89338600150669 /* PBXContainerItemProxy */ = {
			isa = PBXContainerItemProxy;
			containerPortal = EEA40D741C89338600150669 /* Project object */;
			proxyType = 1;
			remoteGlobalIDString = EEA40D7B1C89338600150669;
			remoteInfo = "demo-DownAppInAppStore";
		};
		EEA40D9C1C89338600150669 /* PBXContainerItemProxy */ = {
			isa = PBXContainerItemProxy;
			containerPortal = EEA40D741C89338600150669 /* Project object */;
			proxyType = 1;
			remoteGlobalIDString = EEA40D7B1C89338600150669;
			remoteInfo = "demo-DownAppInAppStore";
		};
/* End PBXContainerItemProxy section */

/* Begin PBXFileReference section */
		EEA40D7C1C89338600150669 /* demo-DownAppInAppStore.app */ = {isa = PBXFileReference; explicitFileType = wrapper.application; includeInIndex = 0; path = "demo-DownAppInAppStore.app"; sourceTree = BUILT_PRODUCTS_DIR; };
		EEA40D7F1C89338600150669 /* AppDelegate.swift */ = {isa = PBXFileReference; lastKnownFileType = sourcecode.swift; path = AppDelegate.swift; sourceTree = "<group>"; };
		EEA40D811C89338600150669 /* ViewController.swift */ = {isa = PBXFileReference; lastKnownFileType = sourcecode.swift; path = ViewController.swift; sourceTree = "<group>"; };
		EEA40D841C89338600150669 /* Base */ = {isa = PBXFileReference; lastKnownFileType = file.storyboard; name = Base; path = Base.lproj/Main.storyboard; sourceTree = "<group>"; };
		EEA40D861C89338600150669 /* Assets.xcassets */ = {isa = PBXFileReference; lastKnownFileType = folder.assetcatalog; path = Assets.xcassets; sourceTree = "<group>"; };
		EEA40D891C89338600150669 /* Base */ = {isa = PBXFileReference; lastKnownFileType = file.storyboard; name = Base; path = Base.lproj/LaunchScreen.storyboard; sourceTree = "<group>"; };
		EEA40D8B1C89338600150669 /* Info.plist */ = {isa = PBXFileReference; lastKnownFileType = text.plist.xml; path = Info.plist; sourceTree = "<group>"; };
		EEA40D901C89338600150669 /* demo-DownAppInAppStoreTests.xctest */ = {isa = PBXFileReference; explicitFileType = wrapper.cfbundle; includeInIndex = 0; path = "demo-DownAppInAppStoreTests.xctest"; sourceTree = BUILT_PRODUCTS_DIR; };
		EEA40D941C89338600150669 /* demo_DownAppInAppStoreTests.swift */ = {isa = PBXFileReference; lastKnownFileType = sourcecode.swift; path = demo_DownAppInAppStoreTests.swift; sourceTree = "<group>"; };
		EEA40D961C89338600150669 /* Info.plist */ = {isa = PBXFileReference; lastKnownFileType = text.plist.xml; path = Info.plist; sourceTree = "<group>"; };
		EEA40D9B1C89338600150669 /* demo-DownAppInAppStoreUITests.xctest */ = {isa = PBXFileReference; explicitFileType = wrapper.cfbundle; includeInIndex = 0; path = "demo-DownAppInAppStoreUITests.xctest"; sourceTree = BUILT_PRODUCTS_DIR; };
		EEA40D9F1C89338600150669 /* demo_DownAppInAppStoreUITests.swift */ = {isa = PBXFileReference; lastKnownFileType = sourcecode.swift; path = demo_DownAppInAppStoreUITests.swift; sourceTree = "<group>"; };
		EEA40DA11C89338600150669 /* Info.plist */ = {isa = PBXFileReference; lastKnownFileType = text.plist.xml; path = Info.plist; sourceTree = "<group>"; };
/* End PBXFileReference section */

/* Begin PBXFrameworksBuildPhase section */
		EEA40D791C89338600150669 /* Frameworks */ = {
			isa = PBXFrameworksBuildPhase;
			buildActionMask = 2147483647;
			files = (
			);
			runOnlyForDeploymentPostprocessing = 0;
		};
		EEA40D8D1C89338600150669 /* Frameworks */ = {
			isa = PBXFrameworksBuildPhase;
			buildActionMask = 2147483647;
			files = (
			);
			runOnlyForDeploymentPostprocessing = 0;
		};
		EEA40D981C89338600150669 /* Frameworks */ = {
			isa = PBXFrameworksBuildPhase;
			buildActionMask = 2147483647;
			files = (
			);
			runOnlyForDeploymentPostprocessing = 0;
		};
/* End PBXFrameworksBuildPhase section */

/* Begin PBXGroup section */
		EEA40D731C89338600150669 = {
			isa = PBXGroup;
			children = (
				EEA40D7E1C89338600150669 /* demo-DownAppInAppStore */,
				EEA40D931C89338600150669 /* demo-DownAppInAppStoreTests */,
				EEA40D9E1C89338600150669 /* demo-DownAppInAppStoreUITests */,
				EEA40D7D1C89338600150669 /* Products */,
			);
			sourceTree = "<group>";
		};
		EEA40D7D1C89338600150669 /* Products */ = {
			isa = PBXGroup;
			children = (
				EEA40D7C1C89338600150669 /* demo-DownAppInAppStore.app */,
				EEA40D901C89338600150669 /* demo-DownAppInAppStoreTests.xctest */,
				EEA40D9B1C89338600150669 /* demo-DownAppInAppStoreUITests.xctest */,
			);
			name = Products;
			sourceTree = "<group>";
		};
		EEA40D7E1C89338600150669 /* demo-DownAppInAppStore */ = {
			isa = PBXGroup;
			children = (
				EEA40D7F1C89338600150669 /* AppDelegate.swift */,
				EEA40D811C89338600150669 /* ViewController.swift */,
				EEA40D831C89338600150669 /* Main.storyboard */,
				EEA40D861C89338600150669 /* Assets.xcassets */,
				EEA40D881C89338600150669 /* LaunchScreen.storyboard */,
				EEA40D8B1C89338600150669 /* Info.plist */,
			);
			path = "demo-DownAppInAppStore";
			sourceTree = "<group>";
		};
		EEA40D931C89338600150669 /* demo-DownAppInAppStoreTests */ = {
			isa = PBXGroup;
			children = (
				EEA40D941C89338600150669 /* demo_DownAppInAppStoreTests.swift */,
				EEA40D961C89338600150669 /* Info.plist */,
			);
			path = "demo-DownAppInAppStoreTests";
			sourceTree = "<group>";
		};
		EEA40D9E1C89338600150669 /* demo-DownAppInAppStoreUITests */ = {
			isa = PBXGroup;
			children = (
				EEA40D9F1C89338600150669 /* demo_DownAppInAppStoreUITests.swift */,
				EEA40DA11C89338600150669 /* Info.plist */,
			);
			path = "demo-DownAppInAppStoreUITests";
			sourceTree = "<group>";
		};
/* End PBXGroup section */

/* Begin PBXNativeTarget section */
		EEA40D7B1C89338600150669 /* demo-DownAppInAppStore */ = {
			isa = PBXNativeTarget;
			buildConfigurationList = EEA40DA41C89338600150669 /* Build configuration list for PBXNativeTarget "demo-DownAppInAppStore" */;
			buildPhases = (
				EEA40D781C89338600150669 /* Sources */,
				EEA40D791C89338600150669 /* Frameworks */,
				EEA40D7A1C89338600150669 /* Resources */,
			);
			buildRules = (
			);
			dependencies = (
			);
			name = "demo-DownAppInAppStore";
			productName = "demo-DownAppInAppStore";
			productReference = EEA40D7C1C89338600150669 /* demo-DownAppInAppStore.app */;
			productType = "com.apple.product-type.application";
		};
		EEA40D8F1C89338600150669 /* demo-DownAppInAppStoreTests */ = {
			isa = PBXNativeTarget;
			buildConfigurationList = EEA40DA71C89338600150669 /* Build configuration list for PBXNativeTarget "demo-DownAppInAppStoreTests" */;
			buildPhases = (
				EEA40D8C1C89338600150669 /* Sources */,
				EEA40D8D1C89338600150669 /* Frameworks */,
				EEA40D8E1C89338600150669 /* Resources */,
			);
			buildRules = (
			);
			dependencies = (
				EEA40D921C89338600150669 /* PBXTargetDependency */,
			);
			name = "demo-DownAppInAppStoreTests";
			productName = "demo-DownAppInAppStoreTests";
			productReference = EEA40D901C89338600150669 /* demo-DownAppInAppStoreTests.xctest */;
			productType = "com.apple.product-type.bundle.unit-test";
		};
		EEA40D9A1C89338600150669 /* demo-DownAppInAppStoreUITests */ = {
			isa = PBXNativeTarget;
			buildConfigurationList = EEA40DAA1C89338600150669 /* Build configuration list for PBXNativeTarget "demo-DownAppInAppStoreUITests" */;
			buildPhases = (
				EEA40D971C89338600150669 /* Sources */,
				EEA40D981C89338600150669 /* Frameworks */,
				EEA40D991C89338600150669 /* Resources */,
			);
			buildRules = (
			);
			dependencies = (
				EEA40D9D1C89338600150669 /* PBXTargetDependency */,
			);
			name = "demo-DownAppInAppStoreUITests";
			productName = "demo-DownAppInAppStoreUITests";
			productReference = EEA40D9B1C89338600150669 /* demo-DownAppInAppStoreUITests.xctest */;
			productType = "com.apple.product-type.bundle.ui-testing";
		};
/* End PBXNativeTarget section */

/* Begin PBXProject section */
		EEA40D741C89338600150669 /* Project object */ = {
			isa = PBXProject;
			attributes = {
				LastSwiftUpdateCheck = 0720;
				LastUpgradeCheck = 0720;
				ORGANIZATIONNAME = "Lam Quoc";
				TargetAttributes = {
					EEA40D7B1C89338600150669 = {
						CreatedOnToolsVersion = 7.2.1;
						DevelopmentTeam = JBC2E9EXDB;
					};
					EEA40D8F1C89338600150669 = {
						CreatedOnToolsVersion = 7.2.1;
						TestTargetID = EEA40D7B1C89338600150669;
					};
					EEA40D9A1C89338600150669 = {
						CreatedOnToolsVersion = 7.2.1;
						TestTargetID = EEA40D7B1C89338600150669;
					};
				};
			};
			buildConfigurationList = EEA40D771C89338600150669 /* Build configuration list for PBXProject "demo-DownAppInAppStore" */;
			compatibilityVersion = "Xcode 3.2";
			developmentRegion = English;
			hasScannedForEncodings = 0;
			knownRegions = (
				en,
				Base,
			);
			mainGroup = EEA40D731C89338600150669;
			productRefGroup = EEA40D7D1C89338600150669 /* Products */;
			projectDirPath = "";
			projectRoot = "";
			targets = (
				EEA40D7B1C89338600150669 /* demo-DownAppInAppStore */,
				EEA40D8F1C89338600150669 /* demo-DownAppInAppStoreTests */,
				EEA40D9A1C89338600150669 /* demo-DownAppInAppStoreUITests */,
			);
		};
/* End PBXProject section */

/* Begin PBXResourcesBuildPhase section */
		EEA40D7A1C89338600150669 /* Resources */ = {
			isa = PBXResourcesBuildPhase;
			buildActionMask = 2147483647;
			files = (
				EEA40D8A1C89338600150669 /* LaunchScreen.storyboard in Resources */,
				EEA40D871C89338600150669 /* Assets.xcassets in Resources */,
				EEA40D851C89338600150669 /* Main.storyboard in Resources */,
			);
			runOnlyForDeploymentPostprocessing = 0;
		};
		EEA40D8E1C89338600150669 /* Resources */ = {
			isa = PBXResourcesBuildPhase;
			buildActionMask = 2147483647;
			files = (
			);
			runOnlyForDeploymentPostprocessing = 0;
		};
		EEA40D991C89338600150669 /* Resources */ = {
			isa = PBXResourcesBuildPhase;
			buildActionMask = 2147483647;
			files = (
			);
			runOnlyForDeploymentPostprocessing = 0;
		};
/* End PBXResourcesBuildPhase section */

/* Begin PBXSourcesBuildPhase section */
		EEA40D781C89338600150669 /* Sources */ = {
			isa = PBXSourcesBuildPhase;
			buildActionMask = 2147483647;
			files = (
				EEA40D821C89338600150669 /* ViewController.swift in Sources */,
				EEA40D801C89338600150669 /* AppDelegate.swift in Sources */,
			);
			runOnlyForDeploymentPostprocessing = 0;
		};
		EEA40D8C1C89338600150669 /* Sources */ = {
			isa = PBXSourcesBuildPhase;
			buildActionMask = 2147483647;
			files = (
				EEA40D951C89338600150669 /* demo_DownAppInAppStoreTests.swift in Sources */,
			);
			runOnlyForDeploymentPostprocessing = 0;
		};
		EEA40D971C89338600150669 /* Sources */ = {
			isa = PBXSourcesBuildPhase;
			buildActionMask = 2147483647;
			files = (
				EEA40DA01C89338600150669 /* demo_DownAppInAppStoreUITests.swift in Sources */,
			);
			runOnlyForDeploymentPostprocessing = 0;
		};
/* End PBXSourcesBuildPhase section */

/* Begin PBXTargetDependency section */
		EEA40D921C89338600150669 /* PBXTargetDependency */ = {
			isa = PBXTargetDependency;
			target = EEA40D7B1C89338600150669 /* demo-DownAppInAppStore */;
			targetProxy = EEA40D911C89338600150669 /* PBXContainerItemProxy */;
		};
		EEA40D9D1C89338600150669 /* PBXTargetDependency */ = {
			isa = PBXTargetDependency;
			target = EEA40D7B1C89338600150669 /* demo-DownAppInAppStore */;
			targetProxy = EEA40D9C1C89338600150669 /* PBXContainerItemProxy */;
		};
/* End PBXTargetDependency section */

/* Begin PBXVariantGroup section */
		EEA40D831C89338600150669 /* Main.storyboard */ = {
			isa = PBXVariantGroup;
			children = (
				EEA40D841C89338600150669 /* Base */,
			);
			name = Main.storyboard;
			sourceTree = "<group>";
		};
		EEA40D881C89338600150669 /* LaunchScreen.storyboard */ = {
			isa = PBXVariantGroup;
			children = (
				EEA40D891C89338600150669 /* Base */,
			);
			name = LaunchScreen.storyboard;
			sourceTree = "<group>";
		};
/* End PBXVariantGroup section */

/* Begin XCBuildConfiguration section */
		EEA40DA21C89338600150669 /* Debug */ = {
			isa = XCBuildConfiguration;
			buildSettings = {
				ALWAYS_SEARCH_USER_PATHS = NO;
				CLANG_CXX_LANGUAGE_STANDARD = "gnu++0x";
				CLANG_CXX_LIBRARY = "libc++";
				CLANG_ENABLE_MODULES = YES;
				CLANG_ENABLE_OBJC_ARC = YES;
				CLANG_WARN_BOOL_CONVERSION = YES;
				CLANG_WARN_CONSTANT_CONVERSION = YES;
				CLANG_WARN_DIRECT_OBJC_ISA_USAGE = YES_ERROR;
				CLANG_WARN_EMPTY_BODY = YES;
				CLANG_WARN_ENUM_CONVERSION = YES;
				CLANG_WARN_INT_CONVERSION = YES;
				CLANG_WARN_OBJC_ROOT_CLASS = YES_ERROR;
				CLANG_WARN_UNREACHABLE_CODE = YES;
				CLANG_WARN__DUPLICATE_METHOD_MATCH = YES;
				"CODE_SIGN_IDENTITY[sdk=iphoneos*]" = "iPhone Developer";
				COPY_PHASE_STRIP = NO;
				DEBUG_INFORMATION_FORMAT = dwarf;
				ENABLE_STRICT_OBJC_MSGSEND = YES;
				ENABLE_TESTABILITY = YES;
				GCC_C_LANGUAGE_STANDARD = gnu99;
				GCC_DYNAMIC_NO_PIC = NO;
				GCC_NO_COMMON_BLOCKS = YES;
				GCC_OPTIMIZATION_LEVEL = 0;
				GCC_PREPROCESSOR_DEFINITIONS = (
					"DEBUG=1",
					"$(inherited)",
				);
				GCC_WARN_64_TO_32_BIT_CONVERSION = YES;
				GCC_WARN_ABOUT_RETURN_TYPE = YES_ERROR;
				GCC_WARN_UNDECLARED_SELECTOR = YES;
				GCC_WARN_UNINITIALIZED_AUTOS = YES_AGGRESSIVE;
				GCC_WARN_UNUSED_FUNCTION = YES;
				GCC_WARN_UNUSED_VARIABLE = YES;
				IPHONEOS_DEPLOYMENT_TARGET = 9.2;
				MTL_ENABLE_DEBUG_INFO = YES;
				ONLY_ACTIVE_ARCH = YES;
				SDKROOT = iphoneos;
				SWIFT_OPTIMIZATION_LEVEL = "-Onone";
				TARGETED_DEVICE_FAMILY = "1,2";
			};
			name = Debug;
		};
		EEA40DA31C89338600150669 /* Release */ = {
			isa = XCBuildConfiguration;
			buildSettings = {
				ALWAYS_SEARCH_USER_PATHS = NO;
				CLANG_CXX_LANGUAGE_STANDARD = "gnu++0x";
				CLANG_CXX_LIBRARY = "libc++";
				CLANG_ENABLE_MODULES = YES;
				CLANG_ENABLE_OBJC_ARC = YES;
				CLANG_WARN_BOOL_CONVERSION = YES;
				CLANG_WARN_CONSTANT_CONVERSION = YES;
				CLANG_WARN_DIRECT_OBJC_ISA_USAGE = YES_ERROR;
				CLANG_WARN_EMPTY_BODY = YES;
				CLANG_WARN_ENUM_CONVERSION = YES;
				CLANG_WARN_INT_CONVERSION = YES;
				CLANG_WARN_OBJC_ROOT_CLASS = YES_ERROR;
				CLANG_WARN_UNREACHABLE_CODE = YES;
				CLANG_WARN__DUPLICATE_METHOD_MATCH = YES;
				"CODE_SIGN_IDENTITY[sdk=iphoneos*]" = "iPhone Developer";
				COPY_PHASE_STRIP = NO;
				DEBUG_INFORMATION_FORMAT = "dwarf-with-dsym";
				ENABLE_NS_ASSERTIONS = NO;
				ENABLE_STRICT_OBJC_MSGSEND = YES;
				GCC_C_LANGUAGE_STANDARD = gnu99;
				GCC_NO_COMMON_BLOCKS = YES;
				GCC_WARN_64_TO_32_BIT_CONVERSION = YES;
				GCC_WARN_ABOUT_RETURN_TYPE = YES_ERROR;
				GCC_WARN_UNDECLARED_SELECTOR = YES;
				GCC_WARN_UNINITIALIZED_AUTOS = YES_AGGRESSIVE;
				GCC_WARN_UNUSED_FUNCTION = YES;
				GCC_WARN_UNUSED_VARIABLE = YES;
				IPHONEOS_DEPLOYMENT_TARGET = 9.2;
				MTL_ENABLE_DEBUG_INFO = NO;
				SDKROOT = iphoneos;
				TARGETED_DEVICE_FAMILY = "1,2";
				VALIDATE_PRODUCT = YES;
			};
			name = Release;
		};
		EEA40DA51C89338600150669 /* Debug */ = {
			isa = XCBuildConfiguration;
			buildSettings = {
				ASSETCATALOG_COMPILER_APPICON_NAME = AppIcon;
				CODE_SIGN_IDENTITY = "iPhone Developer";
				INFOPLIST_FILE = "demo-DownAppInAppStore/Info.plist";
				LD_RUNPATH_SEARCH_PATHS = "$(inherited) @executable_path/Frameworks";
				PRODUCT_BUNDLE_IDENTIFIER = "Home.demo-DownAppInAppStore";
				PRODUCT_NAME = "$(TARGET_NAME)";
			};
			name = Debug;
		};
		EEA40DA61C89338600150669 /* Release */ = {
			isa = XCBuildConfiguration;
			buildSettings = {
				ASSETCATALOG_COMPILER_APPICON_NAME = AppIcon;
				CODE_SIGN_IDENTITY = "iPhone Developer";
				INFOPLIST_FILE = "demo-DownAppInAppStore/Info.plist";
				LD_RUNPATH_SEARCH_PATHS = "$(inherited) @executable_path/Frameworks";
				PRODUCT_BUNDLE_IDENTIFIER = "Home.demo-DownAppInAppStore";
				PRODUCT_NAME = "$(TARGET_NAME)";
			};
			name = Release;
		};
		EEA40DA81C89338600150669 /* Debug */ = {
			isa = XCBuildConfiguration;
			buildSettings = {
				BUNDLE_LOADER = "$(TEST_HOST)";
				INFOPLIST_FILE = "demo-DownAppInAppStoreTests/Info.plist";
				LD_RUNPATH_SEARCH_PATHS = "$(inherited) @executable_path/Frameworks @loader_path/Frameworks";
				PRODUCT_BUNDLE_IDENTIFIER = "Home.demo-DownAppInAppStoreTests";
				PRODUCT_NAME = "$(TARGET_NAME)";
				TEST_HOST = "$(BUILT_PRODUCTS_DIR)/demo-DownAppInAppStore.app/demo-DownAppInAppStore";
			};
			name = Debug;
		};
		EEA40DA91C89338600150669 /* Release */ = {
			isa = XCBuildConfiguration;
			buildSettings = {
				BUNDLE_LOADER = "$(TEST_HOST)";
				INFOPLIST_FILE = "demo-DownAppInAppStoreTests/Info.plist";
				LD_RUNPATH_SEARCH_PATHS = "$(inherited) @executable_path/Frameworks @loader_path/Frameworks";
				PRODUCT_BUNDLE_IDENTIFIER = "Home.demo-DownAppInAppStoreTests";
				PRODUCT_NAME = "$(TARGET_NAME)";
				TEST_HOST = "$(BUILT_PRODUCTS_DIR)/demo-DownAppInAppStore.app/demo-DownAppInAppStore";
			};
			name = Release;
		};
		EEA40DAB1C89338600150669 /* Debug */ = {
			isa = XCBuildConfiguration;
			buildSettings = {
				INFOPLIST_FILE = "demo-DownAppInAppStoreUITests/Info.plist";
				LD_RUNPATH_SEARCH_PATHS = "$(inherited) @executable_path/Frameworks @loader_path/Frameworks";
				PRODUCT_BUNDLE_IDENTIFIER = "Home.demo-DownAppInAppStoreUITests";
				PRODUCT_NAME = "$(TARGET_NAME)";
				TEST_TARGET_NAME = "demo-DownAppInAppStore";
				USES_XCTRUNNER = YES;
			};
			name = Debug;
		};
		EEA40DAC1C89338600150669 /* Release */ = {
			isa = XCBuildConfiguration;
			buildSettings = {
				INFOPLIST_FILE = "demo-DownAppInAppStoreUITests/Info.plist";
				LD_RUNPATH_SEARCH_PATHS = "$(inherited) @executable_path/Frameworks @loader_path/Frameworks";
				PRODUCT_BUNDLE_IDENTIFIER = "Home.demo-DownAppInAppStoreUITests";
				PRODUCT_NAME = "$(TARGET_NAME)";
				TEST_TARGET_NAME = "demo-DownAppInAppStore";
				USES_XCTRUNNER = YES;
			};
			name = Release;
		};
/* End XCBuildConfiguration section */

/* Begin XCConfigurationList section */
		EEA40D771C89338600150669 /* Build configuration list for PBXProject "demo-DownAppInAppStore" */ = {
			isa = XCConfigurationList;
			buildConfigurations = (
				EEA40DA21C89338600150669 /* Debug */,
				EEA40DA31C89338600150669 /* Release */,
			);
			defaultConfigurationIsVisible = 0;
			defaultConfigurationName = Release;
		};
		EEA40DA41C89338600150669 /* Build configuration list for PBXNativeTarget "demo-DownAppInAppStore" */ = {
			isa = XCConfigurationList;
			buildConfigurations = (
				EEA40DA51C89338600150669 /* Debug */,
				EEA40DA61C89338600150669 /* Release */,
			);
			defaultConfigurationIsVisible = 0;
		};
		EEA40DA71C89338600150669 /* Build configuration list for PBXNativeTarget "demo-DownAppInAppStoreTests" */ = {
			isa = XCConfigurationList;
			buildConfigurations = (
				EEA40DA81C89338600150669 /* Debug */,
				EEA40DA91C89338600150669 /* Release */,
			);
			defaultConfigurationIsVisible = 0;
		};
		EEA40DAA1C89338600150669 /* Build configuration list for PBXNativeTarget "demo-DownAppInAppStoreUITests" */ = {
			isa = XCConfigurationList;
			buildConfigurations = (
				EEA40DAB1C89338600150669 /* Debug */,
				EEA40DAC1C89338600150669 /* Release */,
			);
			defaultConfigurationIsVisible = 0;
		};
/* End XCConfigurationList section */
	};
	rootObject = EEA40D741C89338600150669 /* Project object */;
}
